
Microsoft Visual Studio Solution File, Format Version 12.00
# Visual Studio Version 17
VisualStudioVersion = 17.14.35906.104 d17.14
MinimumVisualStudioVersion = 10.0.40219.1
Project("{FAE04EC0-301F-11D3-BF4B-00C04F79EFBC}") = "VRChatQuickJoin", "VRChatQuickJoin.csproj", "{039B21DF-A799-4AF5-A02B-1CE2F1A9215B}"
EndProject
Global
	GlobalSection(SolutionConfigurationPlatforms) = preSolution
		Debug|Any CPU = Debug|Any CPU
		Release|Any CPU = Release|Any CPU
	EndGlobalSection
	GlobalSection(ProjectConfigurationPlatforms) = postSolution
		{039B21DF-A799-4AF5-A02B-1CE2F1A9215B}.Debug|Any CPU.ActiveCfg = Debug|Any CPU
		{039B21DF-A799-4AF5-A02B-1CE2F1A9215B}.Debug|Any CPU.Build.0 = Debug|Any CPU
		{039B21DF-A799-4AF5-A02B-1CE2F1A9215B}.Release|Any CPU.ActiveCfg = Release|Any CPU
		{039B21DF-A799-4AF5-A02B-1CE2F1A9215B}.Release|Any CPU.Build.0 = Release|Any CPU
	EndGlobalSection
	GlobalSection(SolutionProperties) = preSolution
		HideSolutionNode = FALSE
	EndGlobalSection
	GlobalSection(ExtensibilityGlobals) = postSolution
		SolutionGuid = {AF96132F-B54A-4975-8BF1-49062C06EB4E}
	EndGlobalSection
EndGlobal
